
Microsoft Visual Studio Solution File, Format Version 12.00
# Visual Studio Version 17
VisualStudioVersion = 17.14.36623.8
MinimumVisualStudioVersion = 10.0.40219.1
Project("{FAE04EC0-301F-11D3-BF4B-00C04F79EFBC}") = "TaxCalculator", "TaxCalculator\TaxCalculator.csproj", "{7353DE7D-C962-4F1B-A6FF-02D55A06520A}"
EndProject
Project("{FAE04EC0-301F-11D3-BF4B-00C04F79EFBC}") = "EmployeeTracker", "EmployeeTracker\EmployeeTracker.csproj", "{47C6BD33-FB66-4FD7-8115-410CAAAB9BEB}"
EndProject
Project("{FAE04EC0-301F-11D3-BF4B-00C04F79EFBC}") = "EmployeeTracker.Tests", "EmployeeTracker.Tests\EmployeeTracker.Tests.csproj", "{B7F074CF-E9E1-4CC5-819B-A05B218AB278}"
EndProject
Project("{FAE04EC0-301F-11D3-BF4B-00C04F79EFBC}") = "EmployeeApi", "EmployeeApi\EmployeeApi.csproj", "{D4E7E9E4-03C3-4F6F-8962-1B3A47FB20F7}"
EndProject
Project("{FAE04EC0-301F-11D3-BF4B-00C04F79EFBC}") = "EmployeeApi.IntegrationTests", "EmployeeApi.IntegrationTests\EmployeeApi.IntegrationTests.csproj", "{AF84CA68-16E1-4FF5-9BB8-A9F338B73836}"
EndProject
Global
	GlobalSection(SolutionConfigurationPlatforms) = preSolution
		Debug|Any CPU = Debug|Any CPU
		Release|Any CPU = Release|Any CPU
	EndGlobalSection
	GlobalSection(ProjectConfigurationPlatforms) = postSolution
		{7353DE7D-C962-4F1B-A6FF-02D55A06520A}.Debug|Any CPU.ActiveCfg = Debug|Any CPU
		{7353DE7D-C962-4F1B-A6FF-02D55A06520A}.Debug|Any CPU.Build.0 = Debug|Any CPU
		{7353DE7D-C962-4F1B-A6FF-02D55A06520A}.Release|Any CPU.ActiveCfg = Release|Any CPU
		{7353DE7D-C962-4F1B-A6FF-02D55A06520A}.Release|Any CPU.Build.0 = Release|Any CPU
		{47C6BD33-FB66-4FD7-8115-410CAAAB9BEB}.Debug|Any CPU.ActiveCfg = Debug|Any CPU
		{47C6BD33-FB66-4FD7-8115-410CAAAB9BEB}.Debug|Any CPU.Build.0 = Debug|Any CPU
		{47C6BD33-FB66-4FD7-8115-410CAAAB9BEB}.Release|Any CPU.ActiveCfg = Release|Any CPU
		{47C6BD33-FB66-4FD7-8115-410CAAAB9BEB}.Release|Any CPU.Build.0 = Release|Any CPU
		{B7F074CF-E9E1-4CC5-819B-A05B218AB278}.Debug|Any CPU.ActiveCfg = Debug|Any CPU
		{B7F074CF-E9E1-4CC5-819B-A05B218AB278}.Debug|Any CPU.Build.0 = Debug|Any CPU
		{B7F074CF-E9E1-4CC5-819B-A05B218AB278}.Release|Any CPU.ActiveCfg = Release|Any CPU
		{B7F074CF-E9E1-4CC5-819B-A05B218AB278}.Release|Any CPU.Build.0 = Release|Any CPU
		{D4E7E9E4-03C3-4F6F-8962-1B3A47FB20F7}.Debug|Any CPU.ActiveCfg = Debug|Any CPU
		{D4E7E9E4-03C3-4F6F-8962-1B3A47FB20F7}.Debug|Any CPU.Build.0 = Debug|Any CPU
		{D4E7E9E4-03C3-4F6F-8962-1B3A47FB20F7}.Release|Any CPU.ActiveCfg = Release|Any CPU
		{D4E7E9E4-03C3-4F6F-8962-1B3A47FB20F7}.Release|Any CPU.Build.0 = Release|Any CPU
		{AF84CA68-16E1-4FF5-9BB8-A9F338B73836}.Debug|Any CPU.ActiveCfg = Debug|Any CPU
		{AF84CA68-16E1-4FF5-9BB8-A9F338B73836}.Debug|Any CPU.Build.0 = Debug|Any CPU
		{AF84CA68-16E1-4FF5-9BB8-A9F338B73836}.Release|Any CPU.ActiveCfg = Release|Any CPU
		{AF84CA68-16E1-4FF5-9BB8-A9F338B73836}.Release|Any CPU.Build.0 = Release|Any CPU
	EndGlobalSection
	GlobalSection(SolutionProperties) = preSolution
		HideSolutionNode = FALSE
	EndGlobalSection
	GlobalSection(ExtensibilityGlobals) = postSolution
		SolutionGuid = {34EF76C8-9264-4B51-96F1-61BF44447356}
	EndGlobalSection
EndGlobal
